
Microsoft Visual Studio Solution File, Format Version 12.00
# Visual Studio Version 17
VisualStudioVersion = 17.5.002.0
MinimumVisualStudioVersion = 10.0.40219.1
Project("{9A19103F-16F7-4668-BE54-9A1E7A4F7556}") = "LCMPublishingTemplate", "src/LCMPublishingTemplate/LCMPublishingTemplate.csproj", "{AB5F80E1-8E02-466C-93E3-61670519ABE8}"
EndProject
Global
	GlobalSection(SolutionConfigurationPlatforms) = preSolution
		Debug|Any CPU = Debug|Any CPU
		Release|Any CPU = Release|Any CPU
	EndGlobalSection
	GlobalSection(ProjectConfigurationPlatforms) = postSolution
		{AB5F80E1-8E02-466C-93E3-61670519ABE8}.Debug|Any CPU.ActiveCfg = Debug|Any CPU
		{AB5F80E1-8E02-466C-93E3-61670519ABE8}.Debug|Any CPU.Build.0 = Debug|Any CPU
		{AB5F80E1-8E02-466C-93E3-61670519ABE8}.Release|Any CPU.ActiveCfg = Release|Any CPU
		{AB5F80E1-8E02-466C-93E3-61670519ABE8}.Release|Any CPU.Build.0 = Release|Any CPU
	EndGlobalSection
	GlobalSection(SolutionProperties) = preSolution
		HideSolutionNode = FALSE
	EndGlobalSection
	GlobalSection(ExtensibilityGlobals) = postSolution
		SolutionGuid = {1514480A-2DCB-4E4D-A8E4-0BD4D1F00A25}
	EndGlobalSection
EndGlobal
